// !$*UTF8*$!
{
	archiveVersion = 1;
	classes = {
	};
	objectVersion = 56;
	objects = {

/* Begin PBXBuildFile section */
		A06350E32BE097B1006B6339 /* practice_swift_uiApp.swift in Sources */ = {isa = PBXBuildFile; fileRef = A06350E22BE097B1006B6339 /* practice_swift_uiApp.swift */; };
		A06350E52BE097B1006B6339 /* ContentView.swift in Sources */ = {isa = PBXBuildFile; fileRef = A06350E42BE097B1006B6339 /* ContentView.swift */; };
		A06350E72BE097B6006B6339 /* Assets.xcassets in Resources */ = {isa = PBXBuildFile; fileRef = A06350E62BE097B6006B6339 /* Assets.xcassets */; };
		A06350EA2BE097B6006B6339 /* Preview Assets.xcassets in Resources */ = {isa = PBXBuildFile; fileRef = A06350E92BE097B6006B6339 /* Preview Assets.xcassets */; };
		A06350F12BE09847006B6339 /* LoginView.swift in Sources */ = {isa = PBXBuildFile; fileRef = A06350F02BE09847006B6339 /* LoginView.swift */; };
		A06350F42BE0B68C006B6339 /* CustomSecureTextField.swift in Sources */ = {isa = PBXBuildFile; fileRef = A06350F32BE0B68C006B6339 /* CustomSecureTextField.swift */; };
		A06F84702BE0DE3900CC8806 /* CustomTextView.swift in Sources */ = {isa = PBXBuildFile; fileRef = A06F846F2BE0DE3900CC8806 /* CustomTextView.swift */; };
		A06F84722BE0E8AB00CC8806 /* CustomListItemView.swift in Sources */ = {isa = PBXBuildFile; fileRef = A06F84712BE0E8AB00CC8806 /* CustomListItemView.swift */; };
		A06F84742BE129EC00CC8806 /* Extention.swift in Sources */ = {isa = PBXBuildFile; fileRef = A06F84732BE129EC00CC8806 /* Extention.swift */; };
		A06F84762BE1389200CC8806 /* CustomDropDown.swift in Sources */ = {isa = PBXBuildFile; fileRef = A06F84752BE1389200CC8806 /* CustomDropDown.swift */; };
		A09498C22BE1D7FF00A63061 /* AdminMonitoringView.swift in Sources */ = {isa = PBXBuildFile; fileRef = A09498C12BE1D7FF00A63061 /* AdminMonitoringView.swift */; };
		A09498C42BE1D81600A63061 /* AdminTrackerView.swift in Sources */ = {isa = PBXBuildFile; fileRef = A09498C32BE1D81600A63061 /* AdminTrackerView.swift */; };
		A09498C62BE1D82200A63061 /* AdminMainTabBarView.swift in Sources */ = {isa = PBXBuildFile; fileRef = A09498C52BE1D82200A63061 /* AdminMainTabBarView.swift */; };
		A09498C82BE1DD3A00A63061 /* CustomChipView.swift in Sources */ = {isa = PBXBuildFile; fileRef = A09498C72BE1DD3A00A63061 /* CustomChipView.swift */; };
		A09498CA2BE33B9900A63061 /* UserTrackerDialog.swift in Sources */ = {isa = PBXBuildFile; fileRef = A09498C92BE33B9900A63061 /* UserTrackerDialog.swift */; };
		A09498CC2BE3469D00A63061 /* UserMonitoringDialog.swift in Sources */ = {isa = PBXBuildFile; fileRef = A09498CB2BE3469D00A63061 /* UserMonitoringDialog.swift */; };
		A0AF39412BE0CD0000AB9340 /* MonitoringView.swift in Sources */ = {isa = PBXBuildFile; fileRef = A0AF39402BE0CCFF00AB9340 /* MonitoringView.swift */; };
		A0AF39432BE0CD1700AB9340 /* TrackerView.swift in Sources */ = {isa = PBXBuildFile; fileRef = A0AF39422BE0CD1700AB9340 /* TrackerView.swift */; };
		A0AF39452BE0CD5200AB9340 /* MainTabBarView.swift in Sources */ = {isa = PBXBuildFile; fileRef = A0AF39442BE0CD5200AB9340 /* MainTabBarView.swift */; };
		A0B5B8022BE486A700ECDEB8 /* Localizable.strings in Resources */ = {isa = PBXBuildFile; fileRef = A0B5B8012BE486A700ECDEB8 /* Localizable.strings */; };
		A0B5B8082BE4908C00ECDEB8 /* Assets.swift in Sources */ = {isa = PBXBuildFile; fileRef = A0B5B8062BE4908C00ECDEB8 /* Assets.swift */; };
		A0B5B8092BE4908C00ECDEB8 /* Strings.swift in Sources */ = {isa = PBXBuildFile; fileRef = A0B5B8072BE4908C00ECDEB8 /* Strings.swift */; };
/* End PBXBuildFile section */

/* Begin PBXFileReference section */
		A06350DF2BE097B1006B6339 /* practice swift ui.app */ = {isa = PBXFileReference; explicitFileType = wrapper.application; includeInIndex = 0; path = "practice swift ui.app"; sourceTree = BUILT_PRODUCTS_DIR; };
		A06350E22BE097B1006B6339 /* practice_swift_uiApp.swift */ = {isa = PBXFileReference; lastKnownFileType = sourcecode.swift; path = practice_swift_uiApp.swift; sourceTree = "<group>"; };
		A06350E42BE097B1006B6339 /* ContentView.swift */ = {isa = PBXFileReference; lastKnownFileType = sourcecode.swift; path = ContentView.swift; sourceTree = "<group>"; };
		A06350E62BE097B6006B6339 /* Assets.xcassets */ = {isa = PBXFileReference; lastKnownFileType = folder.assetcatalog; path = Assets.xcassets; sourceTree = "<group>"; };
		A06350E92BE097B6006B6339 /* Preview Assets.xcassets */ = {isa = PBXFileReference; lastKnownFileType = folder.assetcatalog; path = "Preview Assets.xcassets"; sourceTree = "<group>"; };
		A06350F02BE09847006B6339 /* LoginView.swift */ = {isa = PBXFileReference; lastKnownFileType = sourcecode.swift; path = LoginView.swift; sourceTree = "<group>"; };
		A06350F32BE0B68C006B6339 /* CustomSecureTextField.swift */ = {isa = PBXFileReference; lastKnownFileType = sourcecode.swift; path = CustomSecureTextField.swift; sourceTree = "<group>"; };
		A06F846F2BE0DE3900CC8806 /* CustomTextView.swift */ = {isa = PBXFileReference; lastKnownFileType = sourcecode.swift; path = CustomTextView.swift; sourceTree = "<group>"; };
		A06F84712BE0E8AB00CC8806 /* CustomListItemView.swift */ = {isa = PBXFileReference; lastKnownFileType = sourcecode.swift; path = CustomListItemView.swift; sourceTree = "<group>"; };
		A06F84732BE129EC00CC8806 /* Extention.swift */ = {isa = PBXFileReference; lastKnownFileType = sourcecode.swift; path = Extention.swift; sourceTree = "<group>"; };
		A06F84752BE1389200CC8806 /* CustomDropDown.swift */ = {isa = PBXFileReference; lastKnownFileType = sourcecode.swift; path = CustomDropDown.swift; sourceTree = "<group>"; };
		A09498C12BE1D7FF00A63061 /* AdminMonitoringView.swift */ = {isa = PBXFileReference; fileEncoding = 4; lastKnownFileType = sourcecode.swift; name = AdminMonitoringView.swift; path = "practice swift ui/admin_monitoring/AdminMonitoringView.swift"; sourceTree = SOURCE_ROOT; };
		A09498C32BE1D81600A63061 /* AdminTrackerView.swift */ = {isa = PBXFileReference; fileEncoding = 4; lastKnownFileType = sourcecode.swift; name = AdminTrackerView.swift; path = "practice swift ui/admin_monitoring/AdminTrackerView.swift"; sourceTree = SOURCE_ROOT; };
		A09498C52BE1D82200A63061 /* AdminMainTabBarView.swift */ = {isa = PBXFileReference; fileEncoding = 4; lastKnownFileType = sourcecode.swift; path = AdminMainTabBarView.swift; sourceTree = "<group>"; };
		A09498C72BE1DD3A00A63061 /* CustomChipView.swift */ = {isa = PBXFileReference; lastKnownFileType = sourcecode.swift; path = CustomChipView.swift; sourceTree = "<group>"; };
		A09498C92BE33B9900A63061 /* UserTrackerDialog.swift */ = {isa = PBXFileReference; lastKnownFileType = sourcecode.swift; path = UserTrackerDialog.swift; sourceTree = "<group>"; };
		A09498CB2BE3469D00A63061 /* UserMonitoringDialog.swift */ = {isa = PBXFileReference; fileEncoding = 4; lastKnownFileType = sourcecode.swift; path = UserMonitoringDialog.swift; sourceTree = "<group>"; };
		A0AF39402BE0CCFF00AB9340 /* MonitoringView.swift */ = {isa = PBXFileReference; lastKnownFileType = sourcecode.swift; path = MonitoringView.swift; sourceTree = "<group>"; };
		A0AF39422BE0CD1700AB9340 /* TrackerView.swift */ = {isa = PBXFileReference; lastKnownFileType = sourcecode.swift; path = TrackerView.swift; sourceTree = "<group>"; };
		A0AF39442BE0CD5200AB9340 /* MainTabBarView.swift */ = {isa = PBXFileReference; lastKnownFileType = sourcecode.swift; path = MainTabBarView.swift; sourceTree = "<group>"; };
		A0B5B8012BE486A700ECDEB8 /* Localizable.strings */ = {isa = PBXFileReference; lastKnownFileType = text.plist.strings; path = Localizable.strings; sourceTree = "<group>"; };
		A0B5B8062BE4908C00ECDEB8 /* Assets.swift */ = {isa = PBXFileReference; fileEncoding = 4; lastKnownFileType = sourcecode.swift; path = Assets.swift; sourceTree = "<group>"; };
		A0B5B8072BE4908C00ECDEB8 /* Strings.swift */ = {isa = PBXFileReference; fileEncoding = 4; lastKnownFileType = sourcecode.swift; path = Strings.swift; sourceTree = "<group>"; };
/* End PBXFileReference section */

/* Begin PBXFrameworksBuildPhase section */
		A06350DC2BE097B1006B6339 /* Frameworks */ = {
			isa = PBXFrameworksBuildPhase;
			buildActionMask = 2147483647;
			files = (
			);
			runOnlyForDeploymentPostprocessing = 0;
		};
/* End PBXFrameworksBuildPhase section */

/* Begin PBXGroup section */
		A06350D62BE097B1006B6339 = {
			isa = PBXGroup;
			children = (
				A06350E12BE097B1006B6339 /* practice swift ui */,
				A06350E02BE097B1006B6339 /* Products */,
			);
			sourceTree = "<group>";
		};
		A06350E02BE097B1006B6339 /* Products */ = {
			isa = PBXGroup;
			children = (
				A06350DF2BE097B1006B6339 /* practice swift ui.app */,
			);
			name = Products;
			sourceTree = "<group>";
		};
		A06350E12BE097B1006B6339 /* practice swift ui */ = {
			isa = PBXGroup;
			children = (
				A0B5B8002BE4868200ECDEB8 /* Assets */,
				A09498C02BE1D6F100A63061 /* admin_monitoring */,
				A09498BF2BE1D6D500A63061 /* user_monitoring */,
				A06350F22BE0B663006B6339 /* custom view */,
				A06350E22BE097B1006B6339 /* practice_swift_uiApp.swift */,
				A06350E42BE097B1006B6339 /* ContentView.swift */,
				A06350E82BE097B6006B6339 /* Preview Content */,
				A06350F02BE09847006B6339 /* LoginView.swift */,
			);
			path = "practice swift ui";
			sourceTree = "<group>";
		};
		A06350E82BE097B6006B6339 /* Preview Content */ = {
			isa = PBXGroup;
			children = (
				A06350E92BE097B6006B6339 /* Preview Assets.xcassets */,
			);
			path = "Preview Content";
			sourceTree = "<group>";
		};
		A06350F22BE0B663006B6339 /* custom view */ = {
			isa = PBXGroup;
			children = (
				A06350F32BE0B68C006B6339 /* CustomSecureTextField.swift */,
				A06F846F2BE0DE3900CC8806 /* CustomTextView.swift */,
				A06F84712BE0E8AB00CC8806 /* CustomListItemView.swift */,
				A06F84732BE129EC00CC8806 /* Extention.swift */,
				A06F84752BE1389200CC8806 /* CustomDropDown.swift */,
				A09498C72BE1DD3A00A63061 /* CustomChipView.swift */,
			);
			path = "custom view";
			sourceTree = "<group>";
		};
		A09498BF2BE1D6D500A63061 /* user_monitoring */ = {
			isa = PBXGroup;
			children = (
				A09498CD2BE346A500A63061 /* dialog */,
				A0AF39402BE0CCFF00AB9340 /* MonitoringView.swift */,
				A0AF39422BE0CD1700AB9340 /* TrackerView.swift */,
				A0AF39442BE0CD5200AB9340 /* MainTabBarView.swift */,
			);
			path = user_monitoring;
			sourceTree = "<group>";
		};
		A09498C02BE1D6F100A63061 /* admin_monitoring */ = {
			isa = PBXGroup;
			children = (
				A09498C12BE1D7FF00A63061 /* AdminMonitoringView.swift */,
				A09498C32BE1D81600A63061 /* AdminTrackerView.swift */,
				A09498C52BE1D82200A63061 /* AdminMainTabBarView.swift */,
			);
			path = admin_monitoring;
			sourceTree = "<group>";
		};
		A09498CD2BE346A500A63061 /* dialog */ = {
			isa = PBXGroup;
			children = (
				A09498C92BE33B9900A63061 /* UserTrackerDialog.swift */,
				A09498CB2BE3469D00A63061 /* UserMonitoringDialog.swift */,
			);
			path = dialog;
			sourceTree = "<group>";
		};
		A0B5B8002BE4868200ECDEB8 /* Assets */ = {
			isa = PBXGroup;
			children = (
				A0B5B8032BE487B200ECDEB8 /* generated */,
				A06350E62BE097B6006B6339 /* Assets.xcassets */,
				A0B5B8012BE486A700ECDEB8 /* Localizable.strings */,
			);
			path = Assets;
			sourceTree = "<group>";
		};
		A0B5B8032BE487B200ECDEB8 /* generated */ = {
			isa = PBXGroup;
			children = (
				A0B5B8062BE4908C00ECDEB8 /* Assets.swift */,
				A0B5B8072BE4908C00ECDEB8 /* Strings.swift */,
			);
			path = generated;
			sourceTree = "<group>";
		};
/* End PBXGroup section */

/* Begin PBXNativeTarget section */
		A06350DE2BE097B1006B6339 /* practice swift ui */ = {
			isa = PBXNativeTarget;
			buildConfigurationList = A06350ED2BE097B6006B6339 /* Build configuration list for PBXNativeTarget "practice swift ui" */;
			buildPhases = (
				A06350DB2BE097B1006B6339 /* Sources */,
				A06350DC2BE097B1006B6339 /* Frameworks */,
				A06350DD2BE097B1006B6339 /* Resources */,
			);
			buildRules = (
			);
			dependencies = (
			);
			name = "practice swift ui";
			productName = "practice swift ui";
			productReference = A06350DF2BE097B1006B6339 /* practice swift ui.app */;
			productType = "com.apple.product-type.application";
		};
/* End PBXNativeTarget section */

/* Begin PBXProject section */
		A06350D72BE097B1006B6339 /* Project object */ = {
			isa = PBXProject;
			attributes = {
				BuildIndependentTargetsInParallel = 1;
				LastSwiftUpdateCheck = 1430;
				LastUpgradeCheck = 1430;
				TargetAttributes = {
					A06350DE2BE097B1006B6339 = {
						CreatedOnToolsVersion = 14.3;
					};
				};
			};
			buildConfigurationList = A06350DA2BE097B1006B6339 /* Build configuration list for PBXProject "practice swift ui" */;
			compatibilityVersion = "Xcode 14.0";
			developmentRegion = en;
			hasScannedForEncodings = 0;
			knownRegions = (
				en,
				Base,
			);
			mainGroup = A06350D62BE097B1006B6339;
			productRefGroup = A06350E02BE097B1006B6339 /* Products */;
			projectDirPath = "";
			projectRoot = "";
			targets = (
				A06350DE2BE097B1006B6339 /* practice swift ui */,
			);
		};
/* End PBXProject section */

/* Begin PBXResourcesBuildPhase section */
		A06350DD2BE097B1006B6339 /* Resources */ = {
			isa = PBXResourcesBuildPhase;
			buildActionMask = 2147483647;
			files = (
				A06350EA2BE097B6006B6339 /* Preview Assets.xcassets in Resources */,
				A0B5B8022BE486A700ECDEB8 /* Localizable.strings in Resources */,
				A06350E72BE097B6006B6339 /* Assets.xcassets in Resources */,
			);
			runOnlyForDeploymentPostprocessing = 0;
		};
/* End PBXResourcesBuildPhase section */

/* Begin PBXSourcesBuildPhase section */
		A06350DB2BE097B1006B6339 /* Sources */ = {
			isa = PBXSourcesBuildPhase;
			buildActionMask = 2147483647;
			files = (
				A09498CC2BE3469D00A63061 /* UserMonitoringDialog.swift in Sources */,
				A06350F12BE09847006B6339 /* LoginView.swift in Sources */,
				A06350F42BE0B68C006B6339 /* CustomSecureTextField.swift in Sources */,
				A06F84702BE0DE3900CC8806 /* CustomTextView.swift in Sources */,
				A09498C62BE1D82200A63061 /* AdminMainTabBarView.swift in Sources */,
				A0B5B8092BE4908C00ECDEB8 /* Strings.swift in Sources */,
				A06F84762BE1389200CC8806 /* CustomDropDown.swift in Sources */,
				A06F84722BE0E8AB00CC8806 /* CustomListItemView.swift in Sources */,
				A06F84742BE129EC00CC8806 /* Extention.swift in Sources */,
				A0B5B8082BE4908C00ECDEB8 /* Assets.swift in Sources */,
				A0AF39452BE0CD5200AB9340 /* MainTabBarView.swift in Sources */,
				A09498CA2BE33B9900A63061 /* UserTrackerDialog.swift in Sources */,
				A06350E52BE097B1006B6339 /* ContentView.swift in Sources */,
				A06350E32BE097B1006B6339 /* practice_swift_uiApp.swift in Sources */,
				A0AF39412BE0CD0000AB9340 /* MonitoringView.swift in Sources */,
				A09498C22BE1D7FF00A63061 /* AdminMonitoringView.swift in Sources */,
				A09498C82BE1DD3A00A63061 /* CustomChipView.swift in Sources */,
				A0AF39432BE0CD1700AB9340 /* TrackerView.swift in Sources */,
				A09498C42BE1D81600A63061 /* AdminTrackerView.swift in Sources */,
			);
			runOnlyForDeploymentPostprocessing = 0;
		};
/* End PBXSourcesBuildPhase section */

/* Begin XCBuildConfiguration section */
		A06350EB2BE097B6006B6339 /* Debug */ = {
			isa = XCBuildConfiguration;
			buildSettings = {
				ALWAYS_SEARCH_USER_PATHS = NO;
				CLANG_ANALYZER_NONNULL = YES;
				CLANG_ANALYZER_NUMBER_OBJECT_CONVERSION = YES_AGGRESSIVE;
				CLANG_CXX_LANGUAGE_STANDARD = "gnu++20";
				CLANG_ENABLE_MODULES = YES;
				CLANG_ENABLE_OBJC_ARC = YES;
				CLANG_ENABLE_OBJC_WEAK = YES;
				CLANG_WARN_BLOCK_CAPTURE_AUTORELEASING = YES;
				CLANG_WARN_BOOL_CONVERSION = YES;
				CLANG_WARN_COMMA = YES;
				CLANG_WARN_CONSTANT_CONVERSION = YES;
				CLANG_WARN_DEPRECATED_OBJC_IMPLEMENTATIONS = YES;
				CLANG_WARN_DIRECT_OBJC_ISA_USAGE = YES_ERROR;
				CLANG_WARN_DOCUMENTATION_COMMENTS = YES;
				CLANG_WARN_EMPTY_BODY = YES;
				CLANG_WARN_ENUM_CONVERSION = YES;
				CLANG_WARN_INFINITE_RECURSION = YES;
				CLANG_WARN_INT_CONVERSION = YES;
				CLANG_WARN_NON_LITERAL_NULL_CONVERSION = YES;
				CLANG_WARN_OBJC_IMPLICIT_RETAIN_SELF = YES;
				CLANG_WARN_OBJC_LITERAL_CONVERSION = YES;
				CLANG_WARN_OBJC_ROOT_CLASS = YES_ERROR;
				CLANG_WARN_QUOTED_INCLUDE_IN_FRAMEWORK_HEADER = YES;
				CLANG_WARN_RANGE_LOOP_ANALYSIS = YES;
				CLANG_WARN_STRICT_PROTOTYPES = YES;
				CLANG_WARN_SUSPICIOUS_MOVE = YES;
				CLANG_WARN_UNGUARDED_AVAILABILITY = YES_AGGRESSIVE;
				CLANG_WARN_UNREACHABLE_CODE = YES;
				CLANG_WARN__DUPLICATE_METHOD_MATCH = YES;
				COPY_PHASE_STRIP = NO;
				DEBUG_INFORMATION_FORMAT = dwarf;
				ENABLE_STRICT_OBJC_MSGSEND = YES;
				ENABLE_TESTABILITY = YES;
				GCC_C_LANGUAGE_STANDARD = gnu11;
				GCC_DYNAMIC_NO_PIC = NO;
				GCC_NO_COMMON_BLOCKS = YES;
				GCC_OPTIMIZATION_LEVEL = 0;
				GCC_PREPROCESSOR_DEFINITIONS = (
					"DEBUG=1",
					"$(inherited)",
				);
				GCC_WARN_64_TO_32_BIT_CONVERSION = YES;
				GCC_WARN_ABOUT_RETURN_TYPE = YES_ERROR;
				GCC_WARN_UNDECLARED_SELECTOR = YES;
				GCC_WARN_UNINITIALIZED_AUTOS = YES_AGGRESSIVE;
				GCC_WARN_UNUSED_FUNCTION = YES;
				GCC_WARN_UNUSED_VARIABLE = YES;
				IPHONEOS_DEPLOYMENT_TARGET = 16.4;
				MTL_ENABLE_DEBUG_INFO = INCLUDE_SOURCE;
				MTL_FAST_MATH = YES;
				ONLY_ACTIVE_ARCH = YES;
				SDKROOT = iphoneos;
				SWIFT_ACTIVE_COMPILATION_CONDITIONS = DEBUG;
				SWIFT_OPTIMIZATION_LEVEL = "-Onone";
			};
			name = Debug;
		};
		A06350EC2BE097B6006B6339 /* Release */ = {
			isa = XCBuildConfiguration;
			buildSettings = {
				ALWAYS_SEARCH_USER_PATHS = NO;
				CLANG_ANALYZER_NONNULL = YES;
				CLANG_ANALYZER_NUMBER_OBJECT_CONVERSION = YES_AGGRESSIVE;
				CLANG_CXX_LANGUAGE_STANDARD = "gnu++20";
				CLANG_ENABLE_MODULES = YES;
				CLANG_ENABLE_OBJC_ARC = YES;
				CLANG_ENABLE_OBJC_WEAK = YES;
				CLANG_WARN_BLOCK_CAPTURE_AUTORELEASING = YES;
				CLANG_WARN_BOOL_CONVERSION = YES;
				CLANG_WARN_COMMA = YES;
				CLANG_WARN_CONSTANT_CONVERSION = YES;
				CLANG_WARN_DEPRECATED_OBJC_IMPLEMENTATIONS = YES;
				CLANG_WARN_DIRECT_OBJC_ISA_USAGE = YES_ERROR;
				CLANG_WARN_DOCUMENTATION_COMMENTS = YES;
				CLANG_WARN_EMPTY_BODY = YES;
				CLANG_WARN_ENUM_CONVERSION = YES;
				CLANG_WARN_INFINITE_RECURSION = YES;
				CLANG_WARN_INT_CONVERSION = YES;
				CLANG_WARN_NON_LITERAL_NULL_CONVERSION = YES;
				CLANG_WARN_OBJC_IMPLICIT_RETAIN_SELF = YES;
				CLANG_WARN_OBJC_LITERAL_CONVERSION = YES;
				CLANG_WARN_OBJC_ROOT_CLASS = YES_ERROR;
				CLANG_WARN_QUOTED_INCLUDE_IN_FRAMEWORK_HEADER = YES;
				CLANG_WARN_RANGE_LOOP_ANALYSIS = YES;
				CLANG_WARN_STRICT_PROTOTYPES = YES;
				CLANG_WARN_SUSPICIOUS_MOVE = YES;
				CLANG_WARN_UNGUARDED_AVAILABILITY = YES_AGGRESSIVE;
				CLANG_WARN_UNREACHABLE_CODE = YES;
				CLANG_WARN__DUPLICATE_METHOD_MATCH = YES;
				COPY_PHASE_STRIP = NO;
				DEBUG_INFORMATION_FORMAT = "dwarf-with-dsym";
				ENABLE_NS_ASSERTIONS = NO;
				ENABLE_STRICT_OBJC_MSGSEND = YES;
				GCC_C_LANGUAGE_STANDARD = gnu11;
				GCC_NO_COMMON_BLOCKS = YES;
				GCC_WARN_64_TO_32_BIT_CONVERSION = YES;
				GCC_WARN_ABOUT_RETURN_TYPE = YES_ERROR;
				GCC_WARN_UNDECLARED_SELECTOR = YES;
				GCC_WARN_UNINITIALIZED_AUTOS = YES_AGGRESSIVE;
				GCC_WARN_UNUSED_FUNCTION = YES;
				GCC_WARN_UNUSED_VARIABLE = YES;
				IPHONEOS_DEPLOYMENT_TARGET = 16.4;
				MTL_ENABLE_DEBUG_INFO = NO;
				MTL_FAST_MATH = YES;
				SDKROOT = iphoneos;
				SWIFT_COMPILATION_MODE = wholemodule;
				SWIFT_OPTIMIZATION_LEVEL = "-O";
				VALIDATE_PRODUCT = YES;
			};
			name = Release;
		};
		A06350EE2BE097B6006B6339 /* Debug */ = {
			isa = XCBuildConfiguration;
			buildSettings = {
				ASSETCATALOG_COMPILER_APPICON_NAME = AppIcon;
				ASSETCATALOG_COMPILER_GLOBAL_ACCENT_COLOR_NAME = AccentColor;
				CODE_SIGN_STYLE = Automatic;
				CURRENT_PROJECT_VERSION = 1;
				DEVELOPMENT_ASSET_PATHS = "\"practice swift ui/Preview Content\"";
				ENABLE_PREVIEWS = YES;
				GENERATE_INFOPLIST_FILE = YES;
				INFOPLIST_KEY_UIApplicationSceneManifest_Generation = YES;
				INFOPLIST_KEY_UIApplicationSupportsIndirectInputEvents = YES;
				INFOPLIST_KEY_UILaunchScreen_Generation = YES;
				INFOPLIST_KEY_UISupportedInterfaceOrientations_iPad = "UIInterfaceOrientationPortrait UIInterfaceOrientationPortraitUpsideDown UIInterfaceOrientationLandscapeLeft UIInterfaceOrientationLandscapeRight";
				INFOPLIST_KEY_UISupportedInterfaceOrientations_iPhone = "UIInterfaceOrientationPortrait UIInterfaceOrientationLandscapeLeft UIInterfaceOrientationLandscapeRight";
				LD_RUNPATH_SEARCH_PATHS = (
					"$(inherited)",
					"@executable_path/Frameworks",
				);
				MARKETING_VERSION = 1.0;
				PRODUCT_BUNDLE_IDENTIFIER = "com.wildan.news.practice-swift-ui";
				PRODUCT_NAME = "$(TARGET_NAME)";
				SWIFT_EMIT_LOC_STRINGS = YES;
				SWIFT_VERSION = 5.0;
				TARGETED_DEVICE_FAMILY = "1,2";
			};
			name = Debug;
		};
		A06350EF2BE097B6006B6339 /* Release */ = {
			isa = XCBuildConfiguration;
			buildSettings = {
				ASSETCATALOG_COMPILER_APPICON_NAME = AppIcon;
				ASSETCATALOG_COMPILER_GLOBAL_ACCENT_COLOR_NAME = AccentColor;
				CODE_SIGN_STYLE = Automatic;
				CURRENT_PROJECT_VERSION = 1;
				DEVELOPMENT_ASSET_PATHS = "\"practice swift ui/Preview Content\"";
				ENABLE_PREVIEWS = YES;
				GENERATE_INFOPLIST_FILE = YES;
				INFOPLIST_KEY_UIApplicationSceneManifest_Generation = YES;
				INFOPLIST_KEY_UIApplicationSupportsIndirectInputEvents = YES;
				INFOPLIST_KEY_UILaunchScreen_Generation = YES;
				INFOPLIST_KEY_UISupportedInterfaceOrientations_iPad = "UIInterfaceOrientationPortrait UIInterfaceOrientationPortraitUpsideDown UIInterfaceOrientationLandscapeLeft UIInterfaceOrientationLandscapeRight";
				INFOPLIST_KEY_UISupportedInterfaceOrientations_iPhone = "UIInterfaceOrientationPortrait UIInterfaceOrientationLandscapeLeft UIInterfaceOrientationLandscapeRight";
				LD_RUNPATH_SEARCH_PATHS = (
					"$(inherited)",
					"@executable_path/Frameworks",
				);
				MARKETING_VERSION = 1.0;
				PRODUCT_BUNDLE_IDENTIFIER = "com.wildan.news.practice-swift-ui";
				PRODUCT_NAME = "$(TARGET_NAME)";
				SWIFT_EMIT_LOC_STRINGS = YES;
				SWIFT_VERSION = 5.0;
				TARGETED_DEVICE_FAMILY = "1,2";
			};
			name = Release;
		};
/* End XCBuildConfiguration section */

/* Begin XCConfigurationList section */
		A06350DA2BE097B1006B6339 /* Build configuration list for PBXProject "practice swift ui" */ = {
			isa = XCConfigurationList;
			buildConfigurations = (
				A06350EB2BE097B6006B6339 /* Debug */,
				A06350EC2BE097B6006B6339 /* Release */,
			);
			defaultConfigurationIsVisible = 0;
			defaultConfigurationName = Release;
		};
		A06350ED2BE097B6006B6339 /* Build configuration list for PBXNativeTarget "practice swift ui" */ = {
			isa = XCConfigurationList;
			buildConfigurations = (
				A06350EE2BE097B6006B6339 /* Debug */,
				A06350EF2BE097B6006B6339 /* Release */,
			);
			defaultConfigurationIsVisible = 0;
			defaultConfigurationName = Release;
		};
/* End XCConfigurationList section */
	};
	rootObject = A06350D72BE097B1006B6339 /* Project object */;
}
